{
  "version": 4,
  "terraform_version": "0.12.2",
  "serial": 4,
  "lineage": "0ab1da4d-0c39-b549-255c-b8fb56fd2985",
  "outputs": {},
  "resources": [
    {
      "mode": "managed",
      "type": "proxmox_vm_qemu",
      "name": "test-tfcreate",
      "provider": "provider.proxmox",
      "instances": [
        {
          "schema_version": 0,
          "attributes": {
            "agent": "enabled=1",
            "ci_wait": null,
            "cipassword": "",
            "ciuser": "",
            "clone": null,
            "cores": 2,
            "desc": "A test for using terraform and cloudinit",
            "disk": [
              {
                "backup": false,
                "cache": "none",
                "format": "raw",
                "id": 0,
                "iothread": true,
                "replicate": false,
                "size": "8G",
                "storage": "local-lvm",
                "storage_type": "lvm",
                "type": "virtio"
              }
            ],
            "force_create": false,
            "id": "pve/qemu/128",
            "ipconfig0": "",
            "ipconfig1": "",
            "iso": "local:iso/uccorelinux.iso",
            "memory": 2048,
            "name": "test-tfcreate",
            "nameserver": "",
            "net": [
              {
                "bridge": "vmbr0",
                "firewall": false,
                "id": 0,
                "link_down": false,
                "macaddr": "",
                "model": "virtio",
                "queues": -1,
                "rate": -1,
                "tag": 256
              }
            ],
            "onboot": true,
            "ostype": "l26",
            "preprovision": false,
            "preprovision_netconfig": null,
            "preprovision_ostype": null,
            "searchdomain": "",
            "sockets": 2,
            "ssh_forward_ip": null,
            "ssh_private_key": null,
            "ssh_user": null,
            "sshkeys": "",
            "target_node": "pve"
          },
          "private": "bnVsbA=="
        }
      ]
    }
  ]
}
